
Microsoft Visual Studio Solution File, Format Version 12.00
# Visual Studio Version 16
VisualStudioVersion = 16.0.29709.97
MinimumVisualStudioVersion = 10.0.40219.1
Project("{FAE04EC0-301F-11D3-BF4B-00C04F79EFBC}") = "VisualStudio2019", "VisualStudio2019.csproj", "{78374622-B7A3-43B0-9E0A-A1A627974189}"
EndProject
Global
	GlobalSection(SolutionConfigurationPlatforms) = preSolution
		Debug|Any CPU = Debug|Any CPU
		Release|Any CPU = Release|Any CPU
	EndGlobalSection
	GlobalSection(ProjectConfigurationPlatforms) = postSolution
		{78374622-B7A3-43B0-9E0A-A1A627974189}.Debug|Any CPU.ActiveCfg = Debug|Any CPU
		{78374622-B7A3-43B0-9E0A-A1A627974189}.Debug|Any CPU.Build.0 = Debug|Any CPU
		{78374622-B7A3-43B0-9E0A-A1A627974189}.Release|Any CPU.ActiveCfg = Release|Any CPU
		{78374622-B7A3-43B0-9E0A-A1A627974189}.Release|Any CPU.Build.0 = Release|Any CPU
	EndGlobalSection
	GlobalSection(SolutionProperties) = preSolution
		HideSolutionNode = FALSE
	EndGlobalSection
	GlobalSection(ExtensibilityGlobals) = postSolution
		SolutionGuid = {3F04F080-2A6C-4D5E-8516-73352896044F}
	EndGlobalSection
EndGlobal
